
Microsoft Visual Studio Solution File, Format Version 11.00
# Visual Studio 2010
Project("{FAE04EC0-301F-11D3-BF4B-00C04F79EFBC}") = "MMDIKBaker", "MMDIKBaker\MMDIKBaker.csproj", "{10EEE041-D3E7-49E6-9184-2954EB580154}"
EndProject
Project("{FAE04EC0-301F-11D3-BF4B-00C04F79EFBC}") = "MMDModelLibrary", "MMDModelLibrary\MMDModelLibrary.csproj", "{FA72506D-CCEC-4391-AA8D-2F6A4FCF9327}"
EndProject
Project("{FAE04EC0-301F-11D3-BF4B-00C04F79EFBC}") = "MMDMotionLibrary", "MMDMotionLibrary\MMDMotionLibrary.csproj", "{7DF57CE7-A3F1-4269-9D36-4282118E6417}"
EndProject
Project("{FAE04EC0-301F-11D3-BF4B-00C04F79EFBC}") = "MMDIKBakerLibrary", "MMDIKBakerLibrary\MMDIKBakerLibrary.csproj", "{DBC5ADDF-731C-4A09-A03D-E94B0524E0C4}"
EndProject
Project("{FAE04EC0-301F-11D3-BF4B-00C04F79EFBC}") = "MMDIKBakerTest", "MMDIKBakerTest\MMDIKBakerTest.csproj", "{17749C7C-DC1D-47B0-B919-917158194980}"
EndProject
Project("{2150E333-8FDC-42A3-9474-1A3956D46DE8}") = "Solution Items", "Solution Items", "{F788C0AC-8461-41AE-BA4F-987E170E56EC}"
	ProjectSection(SolutionItems) = preProject
		Local.testsettings = Local.testsettings
		MMDIKBaker.vsmdi = MMDIKBaker.vsmdi
		TraceAndTestImpact.testsettings = TraceAndTestImpact.testsettings
	EndProjectSection
EndProject
Project("{FAE04EC0-301F-11D3-BF4B-00C04F79EFBC}") = "MMDIKBakerGUI", "MMDIKBakerGUI\MMDIKBakerGUI.csproj", "{98E47193-B820-4563-8A89-6A2FD6AC10DB}"
EndProject
Global
	GlobalSection(TestCaseManagementSettings) = postSolution
		CategoryFile = MMDIKBaker.vsmdi
	EndGlobalSection
	GlobalSection(SolutionConfigurationPlatforms) = preSolution
		Debug|Any CPU = Debug|Any CPU
		Debug|Mixed Platforms = Debug|Mixed Platforms
		Debug|x86 = Debug|x86
		Release|Any CPU = Release|Any CPU
		Release|Mixed Platforms = Release|Mixed Platforms
		Release|x86 = Release|x86
	EndGlobalSection
	GlobalSection(ProjectConfigurationPlatforms) = postSolution
		{10EEE041-D3E7-49E6-9184-2954EB580154}.Debug|Any CPU.ActiveCfg = Debug|Any CPU
		{10EEE041-D3E7-49E6-9184-2954EB580154}.Debug|Any CPU.Build.0 = Debug|Any CPU
		{10EEE041-D3E7-49E6-9184-2954EB580154}.Debug|Mixed Platforms.ActiveCfg = Debug|Any CPU
		{10EEE041-D3E7-49E6-9184-2954EB580154}.Debug|Mixed Platforms.Build.0 = Debug|Any CPU
		{10EEE041-D3E7-49E6-9184-2954EB580154}.Debug|x86.ActiveCfg = Debug|Any CPU
		{10EEE041-D3E7-49E6-9184-2954EB580154}.Release|Any CPU.ActiveCfg = Release|Any CPU
		{10EEE041-D3E7-49E6-9184-2954EB580154}.Release|Any CPU.Build.0 = Release|Any CPU
		{10EEE041-D3E7-49E6-9184-2954EB580154}.Release|Mixed Platforms.ActiveCfg = Release|Any CPU
		{10EEE041-D3E7-49E6-9184-2954EB580154}.Release|Mixed Platforms.Build.0 = Release|Any CPU
		{10EEE041-D3E7-49E6-9184-2954EB580154}.Release|x86.ActiveCfg = Release|Any CPU
		{FA72506D-CCEC-4391-AA8D-2F6A4FCF9327}.Debug|Any CPU.ActiveCfg = Debug|Any CPU
		{FA72506D-CCEC-4391-AA8D-2F6A4FCF9327}.Debug|Any CPU.Build.0 = Debug|Any CPU
		{FA72506D-CCEC-4391-AA8D-2F6A4FCF9327}.Debug|Mixed Platforms.ActiveCfg = Debug|Any CPU
		{FA72506D-CCEC-4391-AA8D-2F6A4FCF9327}.Debug|Mixed Platforms.Build.0 = Debug|Any CPU
		{FA72506D-CCEC-4391-AA8D-2F6A4FCF9327}.Debug|x86.ActiveCfg = Debug|Any CPU
		{FA72506D-CCEC-4391-AA8D-2F6A4FCF9327}.Release|Any CPU.ActiveCfg = Release|Any CPU
		{FA72506D-CCEC-4391-AA8D-2F6A4FCF9327}.Release|Any CPU.Build.0 = Release|Any CPU
		{FA72506D-CCEC-4391-AA8D-2F6A4FCF9327}.Release|Mixed Platforms.ActiveCfg = Release|Any CPU
		{FA72506D-CCEC-4391-AA8D-2F6A4FCF9327}.Release|Mixed Platforms.Build.0 = Release|Any CPU
		{FA72506D-CCEC-4391-AA8D-2F6A4FCF9327}.Release|x86.ActiveCfg = Release|Any CPU
		{7DF57CE7-A3F1-4269-9D36-4282118E6417}.Debug|Any CPU.ActiveCfg = Debug|Any CPU
		{7DF57CE7-A3F1-4269-9D36-4282118E6417}.Debug|Any CPU.Build.0 = Debug|Any CPU
		{7DF57CE7-A3F1-4269-9D36-4282118E6417}.Debug|Mixed Platforms.ActiveCfg = Debug|Any CPU
		{7DF57CE7-A3F1-4269-9D36-4282118E6417}.Debug|Mixed Platforms.Build.0 = Debug|Any CPU
		{7DF57CE7-A3F1-4269-9D36-4282118E6417}.Debug|x86.ActiveCfg = Debug|Any CPU
		{7DF57CE7-A3F1-4269-9D36-4282118E6417}.Release|Any CPU.ActiveCfg = Release|Any CPU
		{7DF57CE7-A3F1-4269-9D36-4282118E6417}.Release|Any CPU.Build.0 = Release|Any CPU
		{7DF57CE7-A3F1-4269-9D36-4282118E6417}.Release|Mixed Platforms.ActiveCfg = Release|Any CPU
		{7DF57CE7-A3F1-4269-9D36-4282118E6417}.Release|Mixed Platforms.Build.0 = Release|Any CPU
		{7DF57CE7-A3F1-4269-9D36-4282118E6417}.Release|x86.ActiveCfg = Release|Any CPU
		{DBC5ADDF-731C-4A09-A03D-E94B0524E0C4}.Debug|Any CPU.ActiveCfg = Debug|Any CPU
		{DBC5ADDF-731C-4A09-A03D-E94B0524E0C4}.Debug|Any CPU.Build.0 = Debug|Any CPU
		{DBC5ADDF-731C-4A09-A03D-E94B0524E0C4}.Debug|Mixed Platforms.ActiveCfg = Debug|Any CPU
		{DBC5ADDF-731C-4A09-A03D-E94B0524E0C4}.Debug|Mixed Platforms.Build.0 = Debug|Any CPU
		{DBC5ADDF-731C-4A09-A03D-E94B0524E0C4}.Debug|x86.ActiveCfg = Debug|Any CPU
		{DBC5ADDF-731C-4A09-A03D-E94B0524E0C4}.Release|Any CPU.ActiveCfg = Release|Any CPU
		{DBC5ADDF-731C-4A09-A03D-E94B0524E0C4}.Release|Any CPU.Build.0 = Release|Any CPU
		{DBC5ADDF-731C-4A09-A03D-E94B0524E0C4}.Release|Mixed Platforms.ActiveCfg = Release|Any CPU
		{DBC5ADDF-731C-4A09-A03D-E94B0524E0C4}.Release|Mixed Platforms.Build.0 = Release|Any CPU
		{DBC5ADDF-731C-4A09-A03D-E94B0524E0C4}.Release|x86.ActiveCfg = Release|Any CPU
		{17749C7C-DC1D-47B0-B919-917158194980}.Debug|Any CPU.ActiveCfg = Debug|Any CPU
		{17749C7C-DC1D-47B0-B919-917158194980}.Debug|Any CPU.Build.0 = Debug|Any CPU
		{17749C7C-DC1D-47B0-B919-917158194980}.Debug|Mixed Platforms.ActiveCfg = Debug|Any CPU
		{17749C7C-DC1D-47B0-B919-917158194980}.Debug|Mixed Platforms.Build.0 = Debug|Any CPU
		{17749C7C-DC1D-47B0-B919-917158194980}.Debug|x86.ActiveCfg = Debug|Any CPU
		{17749C7C-DC1D-47B0-B919-917158194980}.Release|Any CPU.ActiveCfg = Release|Any CPU
		{17749C7C-DC1D-47B0-B919-917158194980}.Release|Any CPU.Build.0 = Release|Any CPU
		{17749C7C-DC1D-47B0-B919-917158194980}.Release|Mixed Platforms.ActiveCfg = Release|Any CPU
		{17749C7C-DC1D-47B0-B919-917158194980}.Release|Mixed Platforms.Build.0 = Release|Any CPU
		{17749C7C-DC1D-47B0-B919-917158194980}.Release|x86.ActiveCfg = Release|Any CPU
		{98E47193-B820-4563-8A89-6A2FD6AC10DB}.Debug|Any CPU.ActiveCfg = Debug|x86
		{98E47193-B820-4563-8A89-6A2FD6AC10DB}.Debug|Mixed Platforms.ActiveCfg = Debug|x86
		{98E47193-B820-4563-8A89-6A2FD6AC10DB}.Debug|Mixed Platforms.Build.0 = Debug|x86
		{98E47193-B820-4563-8A89-6A2FD6AC10DB}.Debug|x86.ActiveCfg = Debug|x86
		{98E47193-B820-4563-8A89-6A2FD6AC10DB}.Debug|x86.Build.0 = Debug|x86
		{98E47193-B820-4563-8A89-6A2FD6AC10DB}.Release|Any CPU.ActiveCfg = Release|x86
		{98E47193-B820-4563-8A89-6A2FD6AC10DB}.Release|Mixed Platforms.ActiveCfg = Release|x86
		{98E47193-B820-4563-8A89-6A2FD6AC10DB}.Release|Mixed Platforms.Build.0 = Release|x86
		{98E47193-B820-4563-8A89-6A2FD6AC10DB}.Release|x86.ActiveCfg = Release|x86
		{98E47193-B820-4563-8A89-6A2FD6AC10DB}.Release|x86.Build.0 = Release|x86
	EndGlobalSection
	GlobalSection(SolutionProperties) = preSolution
		HideSolutionNode = FALSE
	EndGlobalSection
EndGlobal
